
Microsoft Visual Studio Solution File, Format Version 12.00
# Visual Studio 15
Project("{FAE04EC0-301F-11D3-BF4B-00C04F79EFBC}") = "HealthApp", "HealthApp\HealthApp.csproj", "{DE0D8EA3-4A86-4BCB-89A5-EB9D3637DAB4}"
EndProject
Project("{2150E333-8FDC-42A3-9474-1A3956D46DE8}") = "Solution Items", "Solution Items", "{CCF7054D-877F-4E5A-9E8A-9475B77C322B}"
EndProject
Global
	GlobalSection(SolutionConfigurationPlatforms) = preSolution
		Debug|Any CPU = Debug|Any CPU
		Release|Any CPU = Release|Any CPU
	EndGlobalSection
	GlobalSection(ProjectConfigurationPlatforms) = postSolution
		{DE0D8EA3-4A86-4BCB-89A5-EB9D3637DAB4}.Debug|Any CPU.ActiveCfg = Debug|Any CPU
		{DE0D8EA3-4A86-4BCB-89A5-EB9D3637DAB4}.Debug|Any CPU.Build.0 = Debug|Any CPU
		{DE0D8EA3-4A86-4BCB-89A5-EB9D3637DAB4}.Release|Any CPU.ActiveCfg = Release|Any CPU
		{DE0D8EA3-4A86-4BCB-89A5-EB9D3637DAB4}.Release|Any CPU.Build.0 = Release|Any CPU
	EndGlobalSection
EndGlobal
